// !$*UTF8*$!
{
	archiveVersion = 1;
	classes = {
	};
	objectVersion = 48;
	objects = {

/* Begin PBXBuildFile section */
		8C4C2CF622A14EB1008A356E /* csvjson.json in Resources */ = {isa = PBXBuildFile; fileRef = 8C4C2CF522A14EB1008A356E /* csvjson.json */; };
		8C94F19D229329D10035DB97 /* zipCodeSearchCell.swift in Sources */ = {isa = PBXBuildFile; fileRef = 8C94F19C229329D10035DB97 /* zipCodeSearchCell.swift */; };
		8C95D2DB228D9CC00026FAAF /* zipCodes.swift in Sources */ = {isa = PBXBuildFile; fileRef = 8C95D2DA228D9CC00026FAAF /* zipCodes.swift */; };
		8C95D2DE228DA6A10026FAAF /* zipcodeJSON.json in Resources */ = {isa = PBXBuildFile; fileRef = 8C95D2DD228DA6A10026FAAF /* zipcodeJSON.json */; };
		8CC6521622B93E5A0051AB91 /* GoogleService-Info.plist in Resources */ = {isa = PBXBuildFile; fileRef = 8CC6521522B93E5A0051AB91 /* GoogleService-Info.plist */; };
		8CC6E93B22F9B167002333BC /* politicsTableViewController.swift in Sources */ = {isa = PBXBuildFile; fileRef = 8CC6E93A22F9B167002333BC /* politicsTableViewController.swift */; };
		8CC6E93D22F9C92A002333BC /* OnlineUsersTableViewController.swift in Sources */ = {isa = PBXBuildFile; fileRef = 8CC6E93C22F9C92A002333BC /* OnlineUsersTableViewController.swift */; };
		8CC6E93F22F9E9B8002333BC /* zipcodeJSON copy.json in Resources */ = {isa = PBXBuildFile; fileRef = 8CC6E93E22F9E9B8002333BC /* zipcodeJSON copy.json */; };
		8CCBD83422FB0A7E00529353 /* educationTableViewController.swift in Sources */ = {isa = PBXBuildFile; fileRef = 8CCBD83322FB0A7E00529353 /* educationTableViewController.swift */; };
		8CD8CDA922F8BC83000D7027 /* politicsItem.swift in Sources */ = {isa = PBXBuildFile; fileRef = 8CD8CDA822F8BC83000D7027 /* politicsItem.swift */; };
		8CD8CDAB22F8BCB0000D7027 /* User.swift in Sources */ = {isa = PBXBuildFile; fileRef = 8CD8CDAA22F8BCB0000D7027 /* User.swift */; };
		A4851035224FE52000A521EF /* searchViewController.swift in Sources */ = {isa = PBXBuildFile; fileRef = A4851034224FE52000A521EF /* searchViewController.swift */; };
		A4851037224FE5AF00A521EF /* logInViewController.swift in Sources */ = {isa = PBXBuildFile; fileRef = A4851036224FE5AF00A521EF /* logInViewController.swift */; };
		A4A47BB8222D8FA60044F1E2 /* AppDelegate.swift in Sources */ = {isa = PBXBuildFile; fileRef = A4A47BB7222D8FA60044F1E2 /* AppDelegate.swift */; };
		A4A47BBD222D8FA60044F1E2 /* Main.storyboard in Resources */ = {isa = PBXBuildFile; fileRef = A4A47BBB222D8FA60044F1E2 /* Main.storyboard */; };
		A4A47BBF222D8FA60044F1E2 /* Assets.xcassets in Resources */ = {isa = PBXBuildFile; fileRef = A4A47BBE222D8FA60044F1E2 /* Assets.xcassets */; };
		A4A47BC2222D8FA60044F1E2 /* LaunchScreen.storyboard in Resources */ = {isa = PBXBuildFile; fileRef = A4A47BC0222D8FA60044F1E2 /* LaunchScreen.storyboard */; };
		A5799E4B7CBAE1D4FA08CA46 /* Pods_OblastApp.framework in Frameworks */ = {isa = PBXBuildFile; fileRef = 53528C39FBCAFC9242EF273C /* Pods_OblastApp.framework */; };
/* End PBXBuildFile section */

/* Begin PBXFileReference section */
		0BB47F604F1E9B9B2458CBA4 /* Pods-OblastApp.release.xcconfig */ = {isa = PBXFileReference; includeInIndex = 1; lastKnownFileType = text.xcconfig; name = "Pods-OblastApp.release.xcconfig"; path = "Target Support Files/Pods-OblastApp/Pods-OblastApp.release.xcconfig"; sourceTree = "<group>"; };
		53528C39FBCAFC9242EF273C /* Pods_OblastApp.framework */ = {isa = PBXFileReference; explicitFileType = wrapper.framework; includeInIndex = 0; path = Pods_OblastApp.framework; sourceTree = BUILT_PRODUCTS_DIR; };
		8C4C2CF522A14EB1008A356E /* csvjson.json */ = {isa = PBXFileReference; fileEncoding = 4; lastKnownFileType = text.json; path = csvjson.json; sourceTree = "<group>"; };
		8C94F19C229329D10035DB97 /* zipCodeSearchCell.swift */ = {isa = PBXFileReference; lastKnownFileType = sourcecode.swift; path = zipCodeSearchCell.swift; sourceTree = "<group>"; };
		8C95D2DA228D9CC00026FAAF /* zipCodes.swift */ = {isa = PBXFileReference; lastKnownFileType = sourcecode.swift; path = zipCodes.swift; sourceTree = "<group>"; };
		8C95D2DD228DA6A10026FAAF /* zipcodeJSON.json */ = {isa = PBXFileReference; fileEncoding = 4; lastKnownFileType = text.json; path = zipcodeJSON.json; sourceTree = "<group>"; };
		8CC6521522B93E5A0051AB91 /* GoogleService-Info.plist */ = {isa = PBXFileReference; fileEncoding = 4; lastKnownFileType = text.plist.xml; path = "GoogleService-Info.plist"; sourceTree = "<group>"; };
		8CC6E93A22F9B167002333BC /* politicsTableViewController.swift */ = {isa = PBXFileReference; lastKnownFileType = sourcecode.swift; path = politicsTableViewController.swift; sourceTree = "<group>"; };
		8CC6E93C22F9C92A002333BC /* OnlineUsersTableViewController.swift */ = {isa = PBXFileReference; lastKnownFileType = sourcecode.swift; path = OnlineUsersTableViewController.swift; sourceTree = "<group>"; };
		8CC6E93E22F9E9B8002333BC /* zipcodeJSON copy.json */ = {isa = PBXFileReference; fileEncoding = 4; lastKnownFileType = text.json; path = "zipcodeJSON copy.json"; sourceTree = "<group>"; };
		8CCBD83322FB0A7E00529353 /* educationTableViewController.swift */ = {isa = PBXFileReference; lastKnownFileType = sourcecode.swift; path = educationTableViewController.swift; sourceTree = "<group>"; };
		8CD8CDA822F8BC83000D7027 /* politicsItem.swift */ = {isa = PBXFileReference; lastKnownFileType = sourcecode.swift; path = politicsItem.swift; sourceTree = "<group>"; };
		8CD8CDAA22F8BCB0000D7027 /* User.swift */ = {isa = PBXFileReference; lastKnownFileType = sourcecode.swift; path = User.swift; sourceTree = "<group>"; };
		A4851034224FE52000A521EF /* searchViewController.swift */ = {isa = PBXFileReference; lastKnownFileType = sourcecode.swift; path = searchViewController.swift; sourceTree = "<group>"; };
		A4851036224FE5AF00A521EF /* logInViewController.swift */ = {isa = PBXFileReference; lastKnownFileType = sourcecode.swift; path = logInViewController.swift; sourceTree = "<group>"; };
		A4A47BB4222D8FA60044F1E2 /* OblastApp.app */ = {isa = PBXFileReference; explicitFileType = wrapper.application; includeInIndex = 0; path = OblastApp.app; sourceTree = BUILT_PRODUCTS_DIR; };
		A4A47BB7222D8FA60044F1E2 /* AppDelegate.swift */ = {isa = PBXFileReference; lastKnownFileType = sourcecode.swift; path = AppDelegate.swift; sourceTree = "<group>"; };
		A4A47BBC222D8FA60044F1E2 /* Base */ = {isa = PBXFileReference; lastKnownFileType = file.storyboard; name = Base; path = Base.lproj/Main.storyboard; sourceTree = "<group>"; };
		A4A47BBE222D8FA60044F1E2 /* Assets.xcassets */ = {isa = PBXFileReference; lastKnownFileType = folder.assetcatalog; path = Assets.xcassets; sourceTree = "<group>"; };
		A4A47BC1222D8FA60044F1E2 /* Base */ = {isa = PBXFileReference; lastKnownFileType = file.storyboard; name = Base; path = Base.lproj/LaunchScreen.storyboard; sourceTree = "<group>"; };
		A4A47BC3222D8FA60044F1E2 /* Info.plist */ = {isa = PBXFileReference; lastKnownFileType = text.plist.xml; path = Info.plist; sourceTree = "<group>"; };
		CF29FD089087C846FC534708 /* Pods-OblastApp.debug.xcconfig */ = {isa = PBXFileReference; includeInIndex = 1; lastKnownFileType = text.xcconfig; name = "Pods-OblastApp.debug.xcconfig"; path = "Target Support Files/Pods-OblastApp/Pods-OblastApp.debug.xcconfig"; sourceTree = "<group>"; };
/* End PBXFileReference section */

/* Begin PBXFrameworksBuildPhase section */
		A4A47BB1222D8FA60044F1E2 /* Frameworks */ = {
			isa = PBXFrameworksBuildPhase;
			buildActionMask = 2147483647;
			files = (
				A5799E4B7CBAE1D4FA08CA46 /* Pods_OblastApp.framework in Frameworks */,
			);
			runOnlyForDeploymentPostprocessing = 0;
		};
/* End PBXFrameworksBuildPhase section */

/* Begin PBXGroup section */
		868844053E78848A4E5DE4E6 /* Pods */ = {
			isa = PBXGroup;
			children = (
				CF29FD089087C846FC534708 /* Pods-OblastApp.debug.xcconfig */,
				0BB47F604F1E9B9B2458CBA4 /* Pods-OblastApp.release.xcconfig */,
			);
			path = Pods;
			sourceTree = "<group>";
		};
		8C95D2D9228D9CB40026FAAF /* Model */ = {
			isa = PBXGroup;
			children = (
				8C95D2DA228D9CC00026FAAF /* zipCodes.swift */,
				8CD8CDA822F8BC83000D7027 /* politicsItem.swift */,
				8CD8CDAA22F8BCB0000D7027 /* User.swift */,
			);
			path = Model;
			sourceTree = "<group>";
		};
		8C95D2DC228D9D130026FAAF /* ViewControllers */ = {
			isa = PBXGroup;
			children = (
				A4851034224FE52000A521EF /* searchViewController.swift */,
				A4851036224FE5AF00A521EF /* logInViewController.swift */,
				8C94F19C229329D10035DB97 /* zipCodeSearchCell.swift */,
				8CC6E93A22F9B167002333BC /* politicsTableViewController.swift */,
				8CCBD83322FB0A7E00529353 /* educationTableViewController.swift */,
				8CC6E93C22F9C92A002333BC /* OnlineUsersTableViewController.swift */,
			);
			path = ViewControllers;
			sourceTree = "<group>";
		};
		A4A47BAB222D8FA60044F1E2 = {
			isa = PBXGroup;
			children = (
				A4A47BB6222D8FA60044F1E2 /* OblastApp */,
				A4A47BB5222D8FA60044F1E2 /* Products */,
				868844053E78848A4E5DE4E6 /* Pods */,
				CE3516AE62FD518175F3A3E9 /* Frameworks */,
			);
			sourceTree = "<group>";
		};
		A4A47BB5222D8FA60044F1E2 /* Products */ = {
			isa = PBXGroup;
			children = (
				A4A47BB4222D8FA60044F1E2 /* OblastApp.app */,
			);
			name = Products;
			sourceTree = "<group>";
		};
		A4A47BB6222D8FA60044F1E2 /* OblastApp */ = {
			isa = PBXGroup;
			children = (
				8C95D2DC228D9D130026FAAF /* ViewControllers */,
				8C95D2D9228D9CB40026FAAF /* Model */,
				A4A47BB7222D8FA60044F1E2 /* AppDelegate.swift */,
				A4A47BBB222D8FA60044F1E2 /* Main.storyboard */,
				A4A47BBE222D8FA60044F1E2 /* Assets.xcassets */,
				A4A47BC0222D8FA60044F1E2 /* LaunchScreen.storyboard */,
				A4A47BC3222D8FA60044F1E2 /* Info.plist */,
				8CC6E93E22F9E9B8002333BC /* zipcodeJSON copy.json */,
				8C4C2CF522A14EB1008A356E /* csvjson.json */,
				8C95D2DD228DA6A10026FAAF /* zipcodeJSON.json */,
				8CC6521522B93E5A0051AB91 /* GoogleService-Info.plist */,
			);
			path = OblastApp;
			sourceTree = "<group>";
		};
		CE3516AE62FD518175F3A3E9 /* Frameworks */ = {
			isa = PBXGroup;
			children = (
				53528C39FBCAFC9242EF273C /* Pods_OblastApp.framework */,
			);
			name = Frameworks;
			sourceTree = "<group>";
		};
/* End PBXGroup section */

/* Begin PBXNativeTarget section */
		A4A47BB3222D8FA60044F1E2 /* OblastApp */ = {
			isa = PBXNativeTarget;
			buildConfigurationList = A4A47BDC222D8FA60044F1E2 /* Build configuration list for PBXNativeTarget "OblastApp" */;
			buildPhases = (
				3FB35FDE93A577F7B3F09E41 /* [CP] Check Pods Manifest.lock */,
				A4A47BB0222D8FA60044F1E2 /* Sources */,
				A4A47BB1222D8FA60044F1E2 /* Frameworks */,
				A4A47BB2222D8FA60044F1E2 /* Resources */,
				01F4B7081EA0D46171803DB7 /* [CP] Embed Pods Frameworks */,
			);
			buildRules = (
			);
			dependencies = (
			);
			name = OblastApp;
			productName = "Faxtion Version 1- Single-View";
			productReference = A4A47BB4222D8FA60044F1E2 /* OblastApp.app */;
			productType = "com.apple.product-type.application";
		};
/* End PBXNativeTarget section */

/* Begin PBXProject section */
		A4A47BAC222D8FA60044F1E2 /* Project object */ = {
			isa = PBXProject;
			attributes = {
				LastSwiftUpdateCheck = 0920;
				LastUpgradeCheck = 1020;
				ORGANIZATIONNAME = "Egbert Sayers";
				TargetAttributes = {
					A4A47BB3222D8FA60044F1E2 = {
						CreatedOnToolsVersion = 9.2;
						LastSwiftMigration = 1020;
						ProvisioningStyle = Automatic;
					};
				};
			};
			buildConfigurationList = A4A47BAF222D8FA60044F1E2 /* Build configuration list for PBXProject "OblastApp" */;
			compatibilityVersion = "Xcode 8.0";
			developmentRegion = en;
			hasScannedForEncodings = 0;
			knownRegions = (
				en,
				Base,
			);
			mainGroup = A4A47BAB222D8FA60044F1E2;
			productRefGroup = A4A47BB5222D8FA60044F1E2 /* Products */;
			projectDirPath = "";
			projectRoot = "";
			targets = (
				A4A47BB3222D8FA60044F1E2 /* OblastApp */,
			);
		};
/* End PBXProject section */

/* Begin PBXResourcesBuildPhase section */
		A4A47BB2222D8FA60044F1E2 /* Resources */ = {
			isa = PBXResourcesBuildPhase;
			buildActionMask = 2147483647;
			files = (
				8C95D2DE228DA6A10026FAAF /* zipcodeJSON.json in Resources */,
				8CC6521622B93E5A0051AB91 /* GoogleService-Info.plist in Resources */,
				A4A47BC2222D8FA60044F1E2 /* LaunchScreen.storyboard in Resources */,
				8C4C2CF622A14EB1008A356E /* csvjson.json in Resources */,
				A4A47BBF222D8FA60044F1E2 /* Assets.xcassets in Resources */,
				A4A47BBD222D8FA60044F1E2 /* Main.storyboard in Resources */,
				8CC6E93F22F9E9B8002333BC /* zipcodeJSON copy.json in Resources */,
			);
			runOnlyForDeploymentPostprocessing = 0;
		};
/* End PBXResourcesBuildPhase section */

/* Begin PBXShellScriptBuildPhase section */
		01F4B7081EA0D46171803DB7 /* [CP] Embed Pods Frameworks */ = {
			isa = PBXShellScriptBuildPhase;
			buildActionMask = 2147483647;
			files = (
			);
			inputPaths = (
				"${PODS_ROOT}/Target Support Files/Pods-OblastApp/Pods-OblastApp-frameworks.sh",
				"${BUILT_PRODUCTS_DIR}/GTMSessionFetcher/GTMSessionFetcher.framework",
				"${BUILT_PRODUCTS_DIR}/GoogleUtilities/GoogleUtilities.framework",
				"${BUILT_PRODUCTS_DIR}/leveldb-library/leveldb.framework",
			);
			name = "[CP] Embed Pods Frameworks";
			outputPaths = (
				"${TARGET_BUILD_DIR}/${FRAMEWORKS_FOLDER_PATH}/GTMSessionFetcher.framework",
				"${TARGET_BUILD_DIR}/${FRAMEWORKS_FOLDER_PATH}/GoogleUtilities.framework",
				"${TARGET_BUILD_DIR}/${FRAMEWORKS_FOLDER_PATH}/leveldb.framework",
			);
			runOnlyForDeploymentPostprocessing = 0;
			shellPath = /bin/sh;
			shellScript = "\"${PODS_ROOT}/Target Support Files/Pods-OblastApp/Pods-OblastApp-frameworks.sh\"\n";
			showEnvVarsInLog = 0;
		};
		3FB35FDE93A577F7B3F09E41 /* [CP] Check Pods Manifest.lock */ = {
			isa = PBXShellScriptBuildPhase;
			buildActionMask = 2147483647;
			files = (
			);
			inputFileListPaths = (
			);
			inputPaths = (
				"${PODS_PODFILE_DIR_PATH}/Podfile.lock",
				"${PODS_ROOT}/Manifest.lock",
			);
			name = "[CP] Check Pods Manifest.lock";
			outputFileListPaths = (
			);
			outputPaths = (
				"$(DERIVED_FILE_DIR)/Pods-OblastApp-checkManifestLockResult.txt",
			);
			runOnlyForDeploymentPostprocessing = 0;
			shellPath = /bin/sh;
			shellScript = "diff \"${PODS_PODFILE_DIR_PATH}/Podfile.lock\" \"${PODS_ROOT}/Manifest.lock\" > /dev/null\nif [ $? != 0 ] ; then\n    # print error to STDERR\n    echo \"error: The sandbox is not in sync with the Podfile.lock. Run 'pod install' or update your CocoaPods installation.\" >&2\n    exit 1\nfi\n# This output is used by Xcode 'outputs' to avoid re-running this script phase.\necho \"SUCCESS\" > \"${SCRIPT_OUTPUT_FILE_0}\"\n";
			showEnvVarsInLog = 0;
		};
/* End PBXShellScriptBuildPhase section */

/* Begin PBXSourcesBuildPhase section */
		A4A47BB0222D8FA60044F1E2 /* Sources */ = {
			isa = PBXSourcesBuildPhase;
			buildActionMask = 2147483647;
			files = (
				A4851035224FE52000A521EF /* searchViewController.swift in Sources */,
				8CD8CDA922F8BC83000D7027 /* politicsItem.swift in Sources */,
				A4A47BB8222D8FA60044F1E2 /* AppDelegate.swift in Sources */,
				8CD8CDAB22F8BCB0000D7027 /* User.swift in Sources */,
				8CC6E93D22F9C92A002333BC /* OnlineUsersTableViewController.swift in Sources */,
				8CC6E93B22F9B167002333BC /* politicsTableViewController.swift in Sources */,
				8CCBD83422FB0A7E00529353 /* educationTableViewController.swift in Sources */,
				A4851037224FE5AF00A521EF /* logInViewController.swift in Sources */,
				8C94F19D229329D10035DB97 /* zipCodeSearchCell.swift in Sources */,
				8C95D2DB228D9CC00026FAAF /* zipCodes.swift in Sources */,
			);
			runOnlyForDeploymentPostprocessing = 0;
		};
/* End PBXSourcesBuildPhase section */

/* Begin PBXVariantGroup section */
		A4A47BBB222D8FA60044F1E2 /* Main.storyboard */ = {
			isa = PBXVariantGroup;
			children = (
				A4A47BBC222D8FA60044F1E2 /* Base */,
			);
			name = Main.storyboard;
			sourceTree = "<group>";
		};
		A4A47BC0222D8FA60044F1E2 /* LaunchScreen.storyboard */ = {
			isa = PBXVariantGroup;
			children = (
				A4A47BC1222D8FA60044F1E2 /* Base */,
			);
			name = LaunchScreen.storyboard;
			sourceTree = "<group>";
		};
/* End PBXVariantGroup section */

/* Begin XCBuildConfiguration section */
		A4A47BDA222D8FA60044F1E2 /* Debug */ = {
			isa = XCBuildConfiguration;
			buildSettings = {
				ALWAYS_SEARCH_USER_PATHS = NO;
				CLANG_ANALYZER_NONNULL = YES;
				CLANG_ANALYZER_NUMBER_OBJECT_CONVERSION = YES_AGGRESSIVE;
				CLANG_CXX_LANGUAGE_STANDARD = "gnu++14";
				CLANG_CXX_LIBRARY = "libc++";
				CLANG_ENABLE_MODULES = YES;
				CLANG_ENABLE_OBJC_ARC = YES;
				CLANG_WARN_BLOCK_CAPTURE_AUTORELEASING = YES;
				CLANG_WARN_BOOL_CONVERSION = YES;
				CLANG_WARN_COMMA = YES;
				CLANG_WARN_CONSTANT_CONVERSION = YES;
				CLANG_WARN_DEPRECATED_OBJC_IMPLEMENTATIONS = YES;
				CLANG_WARN_DIRECT_OBJC_ISA_USAGE = YES_ERROR;
				CLANG_WARN_DOCUMENTATION_COMMENTS = YES;
				CLANG_WARN_EMPTY_BODY = YES;
				CLANG_WARN_ENUM_CONVERSION = YES;
				CLANG_WARN_INFINITE_RECURSION = YES;
				CLANG_WARN_INT_CONVERSION = YES;
				CLANG_WARN_NON_LITERAL_NULL_CONVERSION = YES;
				CLANG_WARN_OBJC_IMPLICIT_RETAIN_SELF = YES;
				CLANG_WARN_OBJC_LITERAL_CONVERSION = YES;
				CLANG_WARN_OBJC_ROOT_CLASS = YES_ERROR;
				CLANG_WARN_RANGE_LOOP_ANALYSIS = YES;
				CLANG_WARN_STRICT_PROTOTYPES = YES;
				CLANG_WARN_SUSPICIOUS_MOVE = YES;
				CLANG_WARN_UNGUARDED_AVAILABILITY = YES_AGGRESSIVE;
				CLANG_WARN_UNREACHABLE_CODE = YES;
				CLANG_WARN__DUPLICATE_METHOD_MATCH = YES;
				CODE_SIGN_IDENTITY = "iPhone Developer";
				COPY_PHASE_STRIP = NO;
				DEBUG_INFORMATION_FORMAT = dwarf;
				ENABLE_STRICT_OBJC_MSGSEND = YES;
				ENABLE_TESTABILITY = YES;
				GCC_C_LANGUAGE_STANDARD = gnu11;
				GCC_DYNAMIC_NO_PIC = NO;
				GCC_NO_COMMON_BLOCKS = YES;
				GCC_OPTIMIZATION_LEVEL = 0;
				GCC_PREPROCESSOR_DEFINITIONS = (
					"DEBUG=1",
					"$(inherited)",
				);
				GCC_WARN_64_TO_32_BIT_CONVERSION = YES;
				GCC_WARN_ABOUT_RETURN_TYPE = YES_ERROR;
				GCC_WARN_UNDECLARED_SELECTOR = YES;
				GCC_WARN_UNINITIALIZED_AUTOS = YES_AGGRESSIVE;
				GCC_WARN_UNUSED_FUNCTION = YES;
				GCC_WARN_UNUSED_VARIABLE = YES;
				IPHONEOS_DEPLOYMENT_TARGET = 11.2;
				MTL_ENABLE_DEBUG_INFO = YES;
				ONLY_ACTIVE_ARCH = YES;
				SDKROOT = iphoneos;
				SWIFT_ACTIVE_COMPILATION_CONDITIONS = DEBUG;
				SWIFT_OPTIMIZATION_LEVEL = "-Onone";
			};
			name = Debug;
		};
		A4A47BDB222D8FA60044F1E2 /* Release */ = {
			isa = XCBuildConfiguration;
			buildSettings = {
				ALWAYS_SEARCH_USER_PATHS = NO;
				CLANG_ANALYZER_NONNULL = YES;
				CLANG_ANALYZER_NUMBER_OBJECT_CONVERSION = YES_AGGRESSIVE;
				CLANG_CXX_LANGUAGE_STANDARD = "gnu++14";
				CLANG_CXX_LIBRARY = "libc++";
				CLANG_ENABLE_MODULES = YES;
				CLANG_ENABLE_OBJC_ARC = YES;
				CLANG_WARN_BLOCK_CAPTURE_AUTORELEASING = YES;
				CLANG_WARN_BOOL_CONVERSION = YES;
				CLANG_WARN_COMMA = YES;
				CLANG_WARN_CONSTANT_CONVERSION = YES;
				CLANG_WARN_DEPRECATED_OBJC_IMPLEMENTATIONS = YES;
				CLANG_WARN_DIRECT_OBJC_ISA_USAGE = YES_ERROR;
				CLANG_WARN_DOCUMENTATION_COMMENTS = YES;
				CLANG_WARN_EMPTY_BODY = YES;
				CLANG_WARN_ENUM_CONVERSION = YES;
				CLANG_WARN_INFINITE_RECURSION = YES;
				CLANG_WARN_INT_CONVERSION = YES;
				CLANG_WARN_NON_LITERAL_NULL_CONVERSION = YES;
				CLANG_WARN_OBJC_IMPLICIT_RETAIN_SELF = YES;
				CLANG_WARN_OBJC_LITERAL_CONVERSION = YES;
				CLANG_WARN_OBJC_ROOT_CLASS = YES_ERROR;
				CLANG_WARN_RANGE_LOOP_ANALYSIS = YES;
				CLANG_WARN_STRICT_PROTOTYPES = YES;
				CLANG_WARN_SUSPICIOUS_MOVE = YES;
				CLANG_WARN_UNGUARDED_AVAILABILITY = YES_AGGRESSIVE;
				CLANG_WARN_UNREACHABLE_CODE = YES;
				CLANG_WARN__DUPLICATE_METHOD_MATCH = YES;
				CODE_SIGN_IDENTITY = "iPhone Developer";
				COPY_PHASE_STRIP = NO;
				DEBUG_INFORMATION_FORMAT = "dwarf-with-dsym";
				ENABLE_NS_ASSERTIONS = NO;
				ENABLE_STRICT_OBJC_MSGSEND = YES;
				GCC_C_LANGUAGE_STANDARD = gnu11;
				GCC_NO_COMMON_BLOCKS = YES;
				GCC_WARN_64_TO_32_BIT_CONVERSION = YES;
				GCC_WARN_ABOUT_RETURN_TYPE = YES_ERROR;
				GCC_WARN_UNDECLARED_SELECTOR = YES;
				GCC_WARN_UNINITIALIZED_AUTOS = YES_AGGRESSIVE;
				GCC_WARN_UNUSED_FUNCTION = YES;
				GCC_WARN_UNUSED_VARIABLE = YES;
				IPHONEOS_DEPLOYMENT_TARGET = 11.2;
				MTL_ENABLE_DEBUG_INFO = NO;
				SDKROOT = iphoneos;
				SWIFT_OPTIMIZATION_LEVEL = "-Owholemodule";
				VALIDATE_PRODUCT = YES;
			};
			name = Release;
		};
		A4A47BDD222D8FA60044F1E2 /* Debug */ = {
			isa = XCBuildConfiguration;
			baseConfigurationReference = CF29FD089087C846FC534708 /* Pods-OblastApp.debug.xcconfig */;
			buildSettings = {
				ASSETCATALOG_COMPILER_APPICON_NAME = AppIcon;
				CODE_SIGN_STYLE = Automatic;
				DEVELOPMENT_TEAM = LLP3H85GZ9;
				INFOPLIST_FILE = "$(SRCROOT)/OblastApp/Info.plist";
				IPHONEOS_DEPLOYMENT_TARGET = 9.2;
				LD_RUNPATH_SEARCH_PATHS = "$(inherited) @executable_path/Frameworks";
				PRODUCT_BUNDLE_IDENTIFIER = com.oblast.oblastApp;
				PRODUCT_NAME = "$(TARGET_NAME)";
				SWIFT_VERSION = 5.0;
				TARGETED_DEVICE_FAMILY = "1,2";
			};
			name = Debug;
		};
		A4A47BDE222D8FA60044F1E2 /* Release */ = {
			isa = XCBuildConfiguration;
			baseConfigurationReference = 0BB47F604F1E9B9B2458CBA4 /* Pods-OblastApp.release.xcconfig */;
			buildSettings = {
				ASSETCATALOG_COMPILER_APPICON_NAME = AppIcon;
				CODE_SIGN_STYLE = Automatic;
				DEVELOPMENT_TEAM = LLP3H85GZ9;
				INFOPLIST_FILE = "$(SRCROOT)/OblastApp/Info.plist";
				IPHONEOS_DEPLOYMENT_TARGET = 9.2;
				LD_RUNPATH_SEARCH_PATHS = "$(inherited) @executable_path/Frameworks";
				PRODUCT_BUNDLE_IDENTIFIER = com.oblast.oblastApp;
				PRODUCT_NAME = "$(TARGET_NAME)";
				SWIFT_VERSION = 5.0;
				TARGETED_DEVICE_FAMILY = "1,2";
			};
			name = Release;
		};
/* End XCBuildConfiguration section */

/* Begin XCConfigurationList section */
		A4A47BAF222D8FA60044F1E2 /* Build configuration list for PBXProject "OblastApp" */ = {
			isa = XCConfigurationList;
			buildConfigurations = (
				A4A47BDA222D8FA60044F1E2 /* Debug */,
				A4A47BDB222D8FA60044F1E2 /* Release */,
			);
			defaultConfigurationIsVisible = 0;
			defaultConfigurationName = Release;
		};
		A4A47BDC222D8FA60044F1E2 /* Build configuration list for PBXNativeTarget "OblastApp" */ = {
			isa = XCConfigurationList;
			buildConfigurations = (
				A4A47BDD222D8FA60044F1E2 /* Debug */,
				A4A47BDE222D8FA60044F1E2 /* Release */,
			);
			defaultConfigurationIsVisible = 0;
			defaultConfigurationName = Release;
		};
/* End XCConfigurationList section */
	};
	rootObject = A4A47BAC222D8FA60044F1E2 /* Project object */;
}
